
Microsoft Visual Studio Solution File, Format Version 12.00
# Visual Studio 15
VisualStudioVersion = 15.0.27130.2027
MinimumVisualStudioVersion = 10.0.40219.1
Project("{FAE04EC0-301F-11D3-BF4B-00C04F79EFBC}") = "Esha.Genesis.Services.Client", "Esha.Genesis.Services.Client\Esha.Genesis.Services.Client.csproj", "{FFEA9805-78D9-44A7-871F-E735518048D2}"
EndProject
Global
	GlobalSection(SolutionConfigurationPlatforms) = preSolution
		Debug|Any CPU = Debug|Any CPU
		Release|Any CPU = Release|Any CPU
	EndGlobalSection
	GlobalSection(ProjectConfigurationPlatforms) = postSolution
		{FFEA9805-78D9-44A7-871F-E735518048D2}.Debug|Any CPU.ActiveCfg = Debug|Any CPU
		{FFEA9805-78D9-44A7-871F-E735518048D2}.Debug|Any CPU.Build.0 = Debug|Any CPU
		{FFEA9805-78D9-44A7-871F-E735518048D2}.Release|Any CPU.ActiveCfg = Release|Any CPU
		{FFEA9805-78D9-44A7-871F-E735518048D2}.Release|Any CPU.Build.0 = Release|Any CPU
	EndGlobalSection
	GlobalSection(SolutionProperties) = preSolution
		HideSolutionNode = FALSE
	EndGlobalSection
	GlobalSection(ExtensibilityGlobals) = postSolution
		SolutionGuid = {815F0806-A466-4622-849C-15071CDA5597}
	EndGlobalSection
EndGlobal
